
Microsoft Visual Studio Solution File, Format Version 12.00
# Visual Studio Version 17
VisualStudioVersion = 17.1.32421.90
MinimumVisualStudioVersion = 10.0.40219.1
Project("{9A19103F-16F7-4668-BE54-9A1E7A4F7556}") = "MTS.Contracts", "MTS.Contracts\MTS.Contracts.csproj", "{DB88680B-24AF-4AA5-BFD1-21B244FF1D26}"
EndProject
Project("{9A19103F-16F7-4668-BE54-9A1E7A4F7556}") = "MTS.Producers", "MTS.Producers\MTS.Producers.csproj", "{02AA85F0-ED22-4E00-98E2-59B6D4CF7A9D}"
EndProject
Project("{9A19103F-16F7-4668-BE54-9A1E7A4F7556}") = "MTS.Consumers", "MTS.Consumers\MTS.Consumers.csproj", "{ABCF9FE1-1254-47C8-A7BC-9BAB7712D922}"
EndProject
Global
	GlobalSection(SolutionConfigurationPlatforms) = preSolution
		Debug|Any CPU = Debug|Any CPU
		Release|Any CPU = Release|Any CPU
	EndGlobalSection
	GlobalSection(ProjectConfigurationPlatforms) = postSolution
		{DB88680B-24AF-4AA5-BFD1-21B244FF1D26}.Debug|Any CPU.ActiveCfg = Debug|Any CPU
		{DB88680B-24AF-4AA5-BFD1-21B244FF1D26}.Debug|Any CPU.Build.0 = Debug|Any CPU
		{DB88680B-24AF-4AA5-BFD1-21B244FF1D26}.Release|Any CPU.ActiveCfg = Release|Any CPU
		{DB88680B-24AF-4AA5-BFD1-21B244FF1D26}.Release|Any CPU.Build.0 = Release|Any CPU
		{02AA85F0-ED22-4E00-98E2-59B6D4CF7A9D}.Debug|Any CPU.ActiveCfg = Debug|Any CPU
		{02AA85F0-ED22-4E00-98E2-59B6D4CF7A9D}.Debug|Any CPU.Build.0 = Debug|Any CPU
		{02AA85F0-ED22-4E00-98E2-59B6D4CF7A9D}.Release|Any CPU.ActiveCfg = Release|Any CPU
		{02AA85F0-ED22-4E00-98E2-59B6D4CF7A9D}.Release|Any CPU.Build.0 = Release|Any CPU
		{ABCF9FE1-1254-47C8-A7BC-9BAB7712D922}.Debug|Any CPU.ActiveCfg = Debug|Any CPU
		{ABCF9FE1-1254-47C8-A7BC-9BAB7712D922}.Debug|Any CPU.Build.0 = Debug|Any CPU
		{ABCF9FE1-1254-47C8-A7BC-9BAB7712D922}.Release|Any CPU.ActiveCfg = Release|Any CPU
		{ABCF9FE1-1254-47C8-A7BC-9BAB7712D922}.Release|Any CPU.Build.0 = Release|Any CPU
	EndGlobalSection
	GlobalSection(SolutionProperties) = preSolution
		HideSolutionNode = FALSE
	EndGlobalSection
	GlobalSection(ExtensibilityGlobals) = postSolution
		SolutionGuid = {F0A7660B-84A2-4E0E-8DC3-A46E8C566045}
	EndGlobalSection
EndGlobal
